
Microsoft Visual Studio Solution File, Format Version 12.00
# Visual Studio Version 16
VisualStudioVersion = 16.0.31605.320
MinimumVisualStudioVersion = 10.0.40219.1
Project("{9A19103F-16F7-4668-BE54-9A1E7A4F7556}") = "SibylSystem.NET", "SibylSytem.NET\SibylSystem.NET.csproj", "{29E2D9AC-A6A8-44AC-8D96-EA205BDB9D80}"
EndProject
Project("{2150E333-8FDC-42A3-9474-1A3956D46DE8}") = "Solution Items", "Solution Items", "{7E97F4A2-CE8A-4F4A-8922-81951B8D4407}"
	ProjectSection(SolutionItems) = preProject
		LICENSE.txt = LICENSE.txt
	EndProjectSection
EndProject
Global
	GlobalSection(SolutionConfigurationPlatforms) = preSolution
		Debug|Any CPU = Debug|Any CPU
		Release|Any CPU = Release|Any CPU
	EndGlobalSection
	GlobalSection(ProjectConfigurationPlatforms) = postSolution
		{29E2D9AC-A6A8-44AC-8D96-EA205BDB9D80}.Debug|Any CPU.ActiveCfg = Debug|Any CPU
		{29E2D9AC-A6A8-44AC-8D96-EA205BDB9D80}.Debug|Any CPU.Build.0 = Debug|Any CPU
		{29E2D9AC-A6A8-44AC-8D96-EA205BDB9D80}.Release|Any CPU.ActiveCfg = Release|Any CPU
		{29E2D9AC-A6A8-44AC-8D96-EA205BDB9D80}.Release|Any CPU.Build.0 = Release|Any CPU
	EndGlobalSection
	GlobalSection(SolutionProperties) = preSolution
		HideSolutionNode = FALSE
	EndGlobalSection
	GlobalSection(ExtensibilityGlobals) = postSolution
		SolutionGuid = {F3D393AA-679B-482A-A247-2BE04C1255DF}
	EndGlobalSection
EndGlobal
